// !$*UTF8*$!
{
	archiveVersion = 1;
	classes = {
	};
	objectVersion = 46;
	objects = {

/* Begin PBXBuildFile section */
		E91F9F691AA74E090015E42C /* Images.xcassets in Resources */ = {isa = PBXBuildFile; fileRef = E91F9F681AA74E090015E42C /* Images.xcassets */; };
		E93025EE1ABC753200421E8B /* touchDown_disabled.wav in Resources */ = {isa = PBXBuildFile; fileRef = E93025ED1ABC753200421E8B /* touchDown_disabled.wav */; };
		E9423AE11AB50BAC0012507E /* touchDown.wav in Resources */ = {isa = PBXBuildFile; fileRef = E9423ADF1AB50BAC0012507E /* touchDown.wav */; };
		E9423AE21AB50BAC0012507E /* touchUp.wav in Resources */ = {isa = PBXBuildFile; fileRef = E9423AE01AB50BAC0012507E /* touchUp.wav */; };
		E9423AE41AB50BFD0012507E /* touchDownDefault.wav in Resources */ = {isa = PBXBuildFile; fileRef = E9423AE31AB50BFD0012507E /* touchDownDefault.wav */; };
		E9423AE61AB50C080012507E /* touchUpDefault.wav in Resources */ = {isa = PBXBuildFile; fileRef = E9423AE51AB50C080012507E /* touchUpDefault.wav */; };
		E94336011AE1D40D008F647B /* TWControl+NestedTypes.swift in Sources */ = {isa = PBXBuildFile; fileRef = E94336001AE1D40D008F647B /* TWControl+NestedTypes.swift */; };
		E9805D311AB1252000CADADB /* LICENSE in Resources */ = {isa = PBXBuildFile; fileRef = E9805D2F1AB1252000CADADB /* LICENSE */; };
		E9C2C4F51AA25FF200C3A979 /* AppDelegate.swift in Sources */ = {isa = PBXBuildFile; fileRef = E9C2C4F41AA25FF200C3A979 /* AppDelegate.swift */; };
		E9C2C4F71AA25FF200C3A979 /* GameScene.sks in Resources */ = {isa = PBXBuildFile; fileRef = E9C2C4F61AA25FF200C3A979 /* GameScene.sks */; };
		E9C2C4F91AA25FF200C3A979 /* GameScene.swift in Sources */ = {isa = PBXBuildFile; fileRef = E9C2C4F81AA25FF200C3A979 /* GameScene.swift */; };
		E9C2C4FB1AA25FF200C3A979 /* GameViewController.swift in Sources */ = {isa = PBXBuildFile; fileRef = E9C2C4FA1AA25FF200C3A979 /* GameViewController.swift */; };
		E9C2C4FE1AA25FF200C3A979 /* Main.storyboard in Resources */ = {isa = PBXBuildFile; fileRef = E9C2C4FC1AA25FF200C3A979 /* Main.storyboard */; };
		E9C2C5031AA25FF200C3A979 /* LaunchScreen.xib in Resources */ = {isa = PBXBuildFile; fileRef = E9C2C5011AA25FF200C3A979 /* LaunchScreen.xib */; };
		E9C2C50F1AA25FF200C3A979 /* TWControls_DemoTests.swift in Sources */ = {isa = PBXBuildFile; fileRef = E9C2C50E1AA25FF200C3A979 /* TWControls_DemoTests.swift */; };
		E9C2C51C1AA2601500C3A979 /* TWButton.swift in Sources */ = {isa = PBXBuildFile; fileRef = E9C2C5191AA2601500C3A979 /* TWButton.swift */; };
		E9C2C51D1AA2601500C3A979 /* TWControl.swift in Sources */ = {isa = PBXBuildFile; fileRef = E9C2C51A1AA2601500C3A979 /* TWControl.swift */; };
		E9C2C51E1AA2601500C3A979 /* TWSwitch.swift in Sources */ = {isa = PBXBuildFile; fileRef = E9C2C51B1AA2601500C3A979 /* TWSwitch.swift */; };
/* End PBXBuildFile section */

/* Begin PBXContainerItemProxy section */
		E9C2C5091AA25FF200C3A979 /* PBXContainerItemProxy */ = {
			isa = PBXContainerItemProxy;
			containerPortal = E9C2C4E71AA25FF200C3A979 /* Project object */;
			proxyType = 1;
			remoteGlobalIDString = E9C2C4EE1AA25FF200C3A979;
			remoteInfo = "TWControls Demo";
		};
/* End PBXContainerItemProxy section */

/* Begin PBXFileReference section */
		E91F9F681AA74E090015E42C /* Images.xcassets */ = {isa = PBXFileReference; lastKnownFileType = folder.assetcatalog; path = Images.xcassets; sourceTree = "<group>"; };
		E93025ED1ABC753200421E8B /* touchDown_disabled.wav */ = {isa = PBXFileReference; lastKnownFileType = audio.wav; path = touchDown_disabled.wav; sourceTree = "<group>"; };
		E9423ADF1AB50BAC0012507E /* touchDown.wav */ = {isa = PBXFileReference; lastKnownFileType = audio.wav; path = touchDown.wav; sourceTree = "<group>"; };
		E9423AE01AB50BAC0012507E /* touchUp.wav */ = {isa = PBXFileReference; lastKnownFileType = audio.wav; path = touchUp.wav; sourceTree = "<group>"; };
		E9423AE31AB50BFD0012507E /* touchDownDefault.wav */ = {isa = PBXFileReference; lastKnownFileType = audio.wav; path = touchDownDefault.wav; sourceTree = "<group>"; };
		E9423AE51AB50C080012507E /* touchUpDefault.wav */ = {isa = PBXFileReference; lastKnownFileType = audio.wav; path = touchUpDefault.wav; sourceTree = "<group>"; };
		E94336001AE1D40D008F647B /* TWControl+NestedTypes.swift */ = {isa = PBXFileReference; fileEncoding = 4; lastKnownFileType = sourcecode.swift; path = "TWControl+NestedTypes.swift"; sourceTree = "<group>"; };
		E9805D2F1AB1252000CADADB /* LICENSE */ = {isa = PBXFileReference; fileEncoding = 4; lastKnownFileType = text; name = LICENSE; path = ../../LICENSE; sourceTree = "<group>"; };
		E9805D301AB1252000CADADB /* README.markdown */ = {isa = PBXFileReference; fileEncoding = 4; lastKnownFileType = net.daringfireball.markdown; name = README.markdown; path = ../../README.markdown; sourceTree = "<group>"; };
		E9C2C4EF1AA25FF200C3A979 /* TWControls Demo.app */ = {isa = PBXFileReference; explicitFileType = wrapper.application; includeInIndex = 0; path = "TWControls Demo.app"; sourceTree = BUILT_PRODUCTS_DIR; };
		E9C2C4F31AA25FF200C3A979 /* Info.plist */ = {isa = PBXFileReference; lastKnownFileType = text.plist.xml; path = Info.plist; sourceTree = "<group>"; };
		E9C2C4F41AA25FF200C3A979 /* AppDelegate.swift */ = {isa = PBXFileReference; lastKnownFileType = sourcecode.swift; path = AppDelegate.swift; sourceTree = "<group>"; };
		E9C2C4F61AA25FF200C3A979 /* GameScene.sks */ = {isa = PBXFileReference; lastKnownFileType = file.sks; path = GameScene.sks; sourceTree = "<group>"; };
		E9C2C4F81AA25FF200C3A979 /* GameScene.swift */ = {isa = PBXFileReference; lastKnownFileType = sourcecode.swift; path = GameScene.swift; sourceTree = "<group>"; };
		E9C2C4FA1AA25FF200C3A979 /* GameViewController.swift */ = {isa = PBXFileReference; lastKnownFileType = sourcecode.swift; path = GameViewController.swift; sourceTree = "<group>"; };
		E9C2C4FD1AA25FF200C3A979 /* Base */ = {isa = PBXFileReference; lastKnownFileType = file.storyboard; name = Base; path = Base.lproj/Main.storyboard; sourceTree = "<group>"; };
		E9C2C5021AA25FF200C3A979 /* Base */ = {isa = PBXFileReference; lastKnownFileType = file.xib; name = Base; path = Base.lproj/LaunchScreen.xib; sourceTree = "<group>"; };
		E9C2C5081AA25FF200C3A979 /* TWControls DemoTests.xctest */ = {isa = PBXFileReference; explicitFileType = wrapper.cfbundle; includeInIndex = 0; path = "TWControls DemoTests.xctest"; sourceTree = BUILT_PRODUCTS_DIR; };
		E9C2C50D1AA25FF200C3A979 /* Info.plist */ = {isa = PBXFileReference; lastKnownFileType = text.plist.xml; path = Info.plist; sourceTree = "<group>"; };
		E9C2C50E1AA25FF200C3A979 /* TWControls_DemoTests.swift */ = {isa = PBXFileReference; lastKnownFileType = sourcecode.swift; path = TWControls_DemoTests.swift; sourceTree = "<group>"; };
		E9C2C5191AA2601500C3A979 /* TWButton.swift */ = {isa = PBXFileReference; fileEncoding = 4; lastKnownFileType = sourcecode.swift; path = TWButton.swift; sourceTree = "<group>"; };
		E9C2C51A1AA2601500C3A979 /* TWControl.swift */ = {isa = PBXFileReference; fileEncoding = 4; lastKnownFileType = sourcecode.swift; path = TWControl.swift; sourceTree = "<group>"; };
		E9C2C51B1AA2601500C3A979 /* TWSwitch.swift */ = {isa = PBXFileReference; fileEncoding = 4; lastKnownFileType = sourcecode.swift; path = TWSwitch.swift; sourceTree = "<group>"; };
/* End PBXFileReference section */

/* Begin PBXFrameworksBuildPhase section */
		E9C2C4EC1AA25FF200C3A979 /* Frameworks */ = {
			isa = PBXFrameworksBuildPhase;
			buildActionMask = 2147483647;
			files = (
			);
			runOnlyForDeploymentPostprocessing = 0;
		};
		E9C2C5051AA25FF200C3A979 /* Frameworks */ = {
			isa = PBXFrameworksBuildPhase;
			buildActionMask = 2147483647;
			files = (
			);
			runOnlyForDeploymentPostprocessing = 0;
		};
/* End PBXFrameworksBuildPhase section */

/* Begin PBXGroup section */
		E9C2C4E61AA25FF200C3A979 = {
			isa = PBXGroup;
			children = (
				E9C2C4F11AA25FF200C3A979 /* TWControls Demo */,
				E9C2C50B1AA25FF200C3A979 /* TWControls DemoTests */,
				E9C2C4F01AA25FF200C3A979 /* Products */,
			);
			sourceTree = "<group>";
		};
		E9C2C4F01AA25FF200C3A979 /* Products */ = {
			isa = PBXGroup;
			children = (
				E9C2C4EF1AA25FF200C3A979 /* TWControls Demo.app */,
				E9C2C5081AA25FF200C3A979 /* TWControls DemoTests.xctest */,
			);
			name = Products;
			sourceTree = "<group>";
		};
		E9C2C4F11AA25FF200C3A979 /* TWControls Demo */ = {
			isa = PBXGroup;
			children = (
				E9C2C5181AA2601500C3A979 /* TWControls */,
				E9805D2F1AB1252000CADADB /* LICENSE */,
				E9805D301AB1252000CADADB /* README.markdown */,
				E9C2C4F41AA25FF200C3A979 /* AppDelegate.swift */,
				E9C2C4F61AA25FF200C3A979 /* GameScene.sks */,
				E9C2C4F81AA25FF200C3A979 /* GameScene.swift */,
				E9C2C4FA1AA25FF200C3A979 /* GameViewController.swift */,
				E9C2C4FC1AA25FF200C3A979 /* Main.storyboard */,
				E9C2C5011AA25FF200C3A979 /* LaunchScreen.xib */,
				E9423ADF1AB50BAC0012507E /* touchDown.wav */,
				E9423AE01AB50BAC0012507E /* touchUp.wav */,
				E9423AE31AB50BFD0012507E /* touchDownDefault.wav */,
				E9423AE51AB50C080012507E /* touchUpDefault.wav */,
				E93025ED1ABC753200421E8B /* touchDown_disabled.wav */,
				E91F9F681AA74E090015E42C /* Images.xcassets */,
				E9C2C4F21AA25FF200C3A979 /* Supporting Files */,
			);
			path = "TWControls Demo";
			sourceTree = "<group>";
		};
		E9C2C4F21AA25FF200C3A979 /* Supporting Files */ = {
			isa = PBXGroup;
			children = (
				E9C2C4F31AA25FF200C3A979 /* Info.plist */,
			);
			name = "Supporting Files";
			sourceTree = "<group>";
		};
		E9C2C50B1AA25FF200C3A979 /* TWControls DemoTests */ = {
			isa = PBXGroup;
			children = (
				E9C2C50E1AA25FF200C3A979 /* TWControls_DemoTests.swift */,
				E9C2C50C1AA25FF200C3A979 /* Supporting Files */,
			);
			path = "TWControls DemoTests";
			sourceTree = "<group>";
		};
		E9C2C50C1AA25FF200C3A979 /* Supporting Files */ = {
			isa = PBXGroup;
			children = (
				E9C2C50D1AA25FF200C3A979 /* Info.plist */,
			);
			name = "Supporting Files";
			sourceTree = "<group>";
		};
		E9C2C5181AA2601500C3A979 /* TWControls */ = {
			isa = PBXGroup;
			children = (
				E9C2C5191AA2601500C3A979 /* TWButton.swift */,
				E9C2C51B1AA2601500C3A979 /* TWSwitch.swift */,
				E9C2C51A1AA2601500C3A979 /* TWControl.swift */,
				E94336001AE1D40D008F647B /* TWControl+NestedTypes.swift */,
			);
			name = TWControls;
			path = ../../TWControls;
			sourceTree = "<group>";
		};
/* End PBXGroup section */

/* Begin PBXNativeTarget section */
		E9C2C4EE1AA25FF200C3A979 /* TWControls Demo */ = {
			isa = PBXNativeTarget;
			buildConfigurationList = E9C2C5121AA25FF200C3A979 /* Build configuration list for PBXNativeTarget "TWControls Demo" */;
			buildPhases = (
				E9C2C4EB1AA25FF200C3A979 /* Sources */,
				E9C2C4EC1AA25FF200C3A979 /* Frameworks */,
				E9C2C4ED1AA25FF200C3A979 /* Resources */,
			);
			buildRules = (
			);
			dependencies = (
			);
			name = "TWControls Demo";
			productName = "TWControls Demo";
			productReference = E9C2C4EF1AA25FF200C3A979 /* TWControls Demo.app */;
			productType = "com.apple.product-type.application";
		};
		E9C2C5071AA25FF200C3A979 /* TWControls DemoTests */ = {
			isa = PBXNativeTarget;
			buildConfigurationList = E9C2C5151AA25FF200C3A979 /* Build configuration list for PBXNativeTarget "TWControls DemoTests" */;
			buildPhases = (
				E9C2C5041AA25FF200C3A979 /* Sources */,
				E9C2C5051AA25FF200C3A979 /* Frameworks */,
				E9C2C5061AA25FF200C3A979 /* Resources */,
			);
			buildRules = (
			);
			dependencies = (
				E9C2C50A1AA25FF200C3A979 /* PBXTargetDependency */,
			);
			name = "TWControls DemoTests";
			productName = "TWControls DemoTests";
			productReference = E9C2C5081AA25FF200C3A979 /* TWControls DemoTests.xctest */;
			productType = "com.apple.product-type.bundle.unit-test";
		};
/* End PBXNativeTarget section */

/* Begin PBXProject section */
		E9C2C4E71AA25FF200C3A979 /* Project object */ = {
			isa = PBXProject;
			attributes = {
				LastUpgradeCheck = 0630;
				ORGANIZATIONNAME = "Txai Wieser";
				TargetAttributes = {
					E9C2C4EE1AA25FF200C3A979 = {
						CreatedOnToolsVersion = 6.3;
					};
					E9C2C5071AA25FF200C3A979 = {
						CreatedOnToolsVersion = 6.3;
						TestTargetID = E9C2C4EE1AA25FF200C3A979;
					};
				};
			};
			buildConfigurationList = E9C2C4EA1AA25FF200C3A979 /* Build configuration list for PBXProject "TWControls Demo" */;
			compatibilityVersion = "Xcode 3.2";
			developmentRegion = English;
			hasScannedForEncodings = 0;
			knownRegions = (
				en,
				Base,
			);
			mainGroup = E9C2C4E61AA25FF200C3A979;
			productRefGroup = E9C2C4F01AA25FF200C3A979 /* Products */;
			projectDirPath = "";
			projectRoot = "";
			targets = (
				E9C2C4EE1AA25FF200C3A979 /* TWControls Demo */,
				E9C2C5071AA25FF200C3A979 /* TWControls DemoTests */,
			);
		};
/* End PBXProject section */

/* Begin PBXResourcesBuildPhase section */
		E9C2C4ED1AA25FF200C3A979 /* Resources */ = {
			isa = PBXResourcesBuildPhase;
			buildActionMask = 2147483647;
			files = (
				E9C2C5031AA25FF200C3A979 /* LaunchScreen.xib in Resources */,
				E91F9F691AA74E090015E42C /* Images.xcassets in Resources */,
				E93025EE1ABC753200421E8B /* touchDown_disabled.wav in Resources */,
				E9423AE21AB50BAC0012507E /* touchUp.wav in Resources */,
				E9C2C4F71AA25FF200C3A979 /* GameScene.sks in Resources */,
				E9423AE11AB50BAC0012507E /* touchDown.wav in Resources */,
				E9C2C4FE1AA25FF200C3A979 /* Main.storyboard in Resources */,
				E9423AE61AB50C080012507E /* touchUpDefault.wav in Resources */,
				E9805D311AB1252000CADADB /* LICENSE in Resources */,
				E9423AE41AB50BFD0012507E /* touchDownDefault.wav in Resources */,
			);
			runOnlyForDeploymentPostprocessing = 0;
		};
		E9C2C5061AA25FF200C3A979 /* Resources */ = {
			isa = PBXResourcesBuildPhase;
			buildActionMask = 2147483647;
			files = (
			);
			runOnlyForDeploymentPostprocessing = 0;
		};
/* End PBXResourcesBuildPhase section */

/* Begin PBXSourcesBuildPhase section */
		E9C2C4EB1AA25FF200C3A979 /* Sources */ = {
			isa = PBXSourcesBuildPhase;
			buildActionMask = 2147483647;
			files = (
				E9C2C51E1AA2601500C3A979 /* TWSwitch.swift in Sources */,
				E9C2C51C1AA2601500C3A979 /* TWButton.swift in Sources */,
				E9C2C4F91AA25FF200C3A979 /* GameScene.swift in Sources */,
				E9C2C4FB1AA25FF200C3A979 /* GameViewController.swift in Sources */,
				E94336011AE1D40D008F647B /* TWControl+NestedTypes.swift in Sources */,
				E9C2C4F51AA25FF200C3A979 /* AppDelegate.swift in Sources */,
				E9C2C51D1AA2601500C3A979 /* TWControl.swift in Sources */,
			);
			runOnlyForDeploymentPostprocessing = 0;
		};
		E9C2C5041AA25FF200C3A979 /* Sources */ = {
			isa = PBXSourcesBuildPhase;
			buildActionMask = 2147483647;
			files = (
				E9C2C50F1AA25FF200C3A979 /* TWControls_DemoTests.swift in Sources */,
			);
			runOnlyForDeploymentPostprocessing = 0;
		};
/* End PBXSourcesBuildPhase section */

/* Begin PBXTargetDependency section */
		E9C2C50A1AA25FF200C3A979 /* PBXTargetDependency */ = {
			isa = PBXTargetDependency;
			target = E9C2C4EE1AA25FF200C3A979 /* TWControls Demo */;
			targetProxy = E9C2C5091AA25FF200C3A979 /* PBXContainerItemProxy */;
		};
/* End PBXTargetDependency section */

/* Begin PBXVariantGroup section */
		E9C2C4FC1AA25FF200C3A979 /* Main.storyboard */ = {
			isa = PBXVariantGroup;
			children = (
				E9C2C4FD1AA25FF200C3A979 /* Base */,
			);
			name = Main.storyboard;
			sourceTree = "<group>";
		};
		E9C2C5011AA25FF200C3A979 /* LaunchScreen.xib */ = {
			isa = PBXVariantGroup;
			children = (
				E9C2C5021AA25FF200C3A979 /* Base */,
			);
			name = LaunchScreen.xib;
			sourceTree = "<group>";
		};
/* End PBXVariantGroup section */

/* Begin XCBuildConfiguration section */
		E9C2C5101AA25FF200C3A979 /* Debug */ = {
			isa = XCBuildConfiguration;
			buildSettings = {
				ALWAYS_SEARCH_USER_PATHS = NO;
				CLANG_CXX_LANGUAGE_STANDARD = "gnu++0x";
				CLANG_CXX_LIBRARY = "libc++";
				CLANG_ENABLE_MODULES = YES;
				CLANG_ENABLE_OBJC_ARC = YES;
				CLANG_WARN_BOOL_CONVERSION = YES;
				CLANG_WARN_CONSTANT_CONVERSION = YES;
				CLANG_WARN_DIRECT_OBJC_ISA_USAGE = YES_ERROR;
				CLANG_WARN_EMPTY_BODY = YES;
				CLANG_WARN_ENUM_CONVERSION = YES;
				CLANG_WARN_INT_CONVERSION = YES;
				CLANG_WARN_OBJC_ROOT_CLASS = YES_ERROR;
				CLANG_WARN_UNREACHABLE_CODE = YES;
				CLANG_WARN__DUPLICATE_METHOD_MATCH = YES;
				"CODE_SIGN_IDENTITY[sdk=iphoneos*]" = "iPhone Developer";
				COPY_PHASE_STRIP = NO;
				DEBUG_INFORMATION_FORMAT = dwarf;
				ENABLE_STRICT_OBJC_MSGSEND = YES;
				GCC_C_LANGUAGE_STANDARD = gnu99;
				GCC_DYNAMIC_NO_PIC = NO;
				GCC_NO_COMMON_BLOCKS = YES;
				GCC_OPTIMIZATION_LEVEL = 0;
				GCC_PREPROCESSOR_DEFINITIONS = (
					"DEBUG=1",
					"$(inherited)",
				);
				GCC_SYMBOLS_PRIVATE_EXTERN = NO;
				GCC_WARN_64_TO_32_BIT_CONVERSION = YES;
				GCC_WARN_ABOUT_RETURN_TYPE = YES_ERROR;
				GCC_WARN_UNDECLARED_SELECTOR = YES;
				GCC_WARN_UNINITIALIZED_AUTOS = YES_AGGRESSIVE;
				GCC_WARN_UNUSED_FUNCTION = YES;
				GCC_WARN_UNUSED_VARIABLE = YES;
				IPHONEOS_DEPLOYMENT_TARGET = 8.0;
				MTL_ENABLE_DEBUG_INFO = YES;
				ONLY_ACTIVE_ARCH = YES;
				SDKROOT = iphoneos;
				SWIFT_OPTIMIZATION_LEVEL = "-Onone";
				TARGETED_DEVICE_FAMILY = "1,2";
			};
			name = Debug;
		};
		E9C2C5111AA25FF200C3A979 /* Release */ = {
			isa = XCBuildConfiguration;
			buildSettings = {
				ALWAYS_SEARCH_USER_PATHS = NO;
				CLANG_CXX_LANGUAGE_STANDARD = "gnu++0x";
				CLANG_CXX_LIBRARY = "libc++";
				CLANG_ENABLE_MODULES = YES;
				CLANG_ENABLE_OBJC_ARC = YES;
				CLANG_WARN_BOOL_CONVERSION = YES;
				CLANG_WARN_CONSTANT_CONVERSION = YES;
				CLANG_WARN_DIRECT_OBJC_ISA_USAGE = YES_ERROR;
				CLANG_WARN_EMPTY_BODY = YES;
				CLANG_WARN_ENUM_CONVERSION = YES;
				CLANG_WARN_INT_CONVERSION = YES;
				CLANG_WARN_OBJC_ROOT_CLASS = YES_ERROR;
				CLANG_WARN_UNREACHABLE_CODE = YES;
				CLANG_WARN__DUPLICATE_METHOD_MATCH = YES;
				"CODE_SIGN_IDENTITY[sdk=iphoneos*]" = "iPhone Developer";
				COPY_PHASE_STRIP = NO;
				DEBUG_INFORMATION_FORMAT = "dwarf-with-dsym";
				ENABLE_NS_ASSERTIONS = NO;
				ENABLE_STRICT_OBJC_MSGSEND = YES;
				GCC_C_LANGUAGE_STANDARD = gnu99;
				GCC_NO_COMMON_BLOCKS = YES;
				GCC_WARN_64_TO_32_BIT_CONVERSION = YES;
				GCC_WARN_ABOUT_RETURN_TYPE = YES_ERROR;
				GCC_WARN_UNDECLARED_SELECTOR = YES;
				GCC_WARN_UNINITIALIZED_AUTOS = YES_AGGRESSIVE;
				GCC_WARN_UNUSED_FUNCTION = YES;
				GCC_WARN_UNUSED_VARIABLE = YES;
				IPHONEOS_DEPLOYMENT_TARGET = 8.0;
				MTL_ENABLE_DEBUG_INFO = NO;
				SDKROOT = iphoneos;
				TARGETED_DEVICE_FAMILY = "1,2";
				VALIDATE_PRODUCT = YES;
			};
			name = Release;
		};
		E9C2C5131AA25FF200C3A979 /* Debug */ = {
			isa = XCBuildConfiguration;
			buildSettings = {
				ASSETCATALOG_COMPILER_APPICON_NAME = AppIcon;
				INFOPLIST_FILE = "TWControls Demo/Info.plist";
				IPHONEOS_DEPLOYMENT_TARGET = 8.0;
				LD_RUNPATH_SEARCH_PATHS = "$(inherited) @executable_path/Frameworks";
				PRODUCT_NAME = "$(TARGET_NAME)";
				TARGETED_DEVICE_FAMILY = "1,2";
			};
			name = Debug;
		};
		E9C2C5141AA25FF200C3A979 /* Release */ = {
			isa = XCBuildConfiguration;
			buildSettings = {
				ASSETCATALOG_COMPILER_APPICON_NAME = AppIcon;
				INFOPLIST_FILE = "TWControls Demo/Info.plist";
				IPHONEOS_DEPLOYMENT_TARGET = 8.0;
				LD_RUNPATH_SEARCH_PATHS = "$(inherited) @executable_path/Frameworks";
				PRODUCT_NAME = "$(TARGET_NAME)";
				TARGETED_DEVICE_FAMILY = "1,2";
			};
			name = Release;
		};
		E9C2C5161AA25FF200C3A979 /* Debug */ = {
			isa = XCBuildConfiguration;
			buildSettings = {
				BUNDLE_LOADER = "$(TEST_HOST)";
				FRAMEWORK_SEARCH_PATHS = (
					"$(SDKROOT)/Developer/Library/Frameworks",
					"$(inherited)",
				);
				GCC_PREPROCESSOR_DEFINITIONS = (
					"DEBUG=1",
					"$(inherited)",
				);
				INFOPLIST_FILE = "TWControls DemoTests/Info.plist";
				LD_RUNPATH_SEARCH_PATHS = "$(inherited) @executable_path/Frameworks @loader_path/Frameworks";
				PRODUCT_NAME = "$(TARGET_NAME)";
				TEST_HOST = "$(BUILT_PRODUCTS_DIR)/TWControls Demo.app/TWControls Demo";
			};
			name = Debug;
		};
		E9C2C5171AA25FF200C3A979 /* Release */ = {
			isa = XCBuildConfiguration;
			buildSettings = {
				BUNDLE_LOADER = "$(TEST_HOST)";
				FRAMEWORK_SEARCH_PATHS = (
					"$(SDKROOT)/Developer/Library/Frameworks",
					"$(inherited)",
				);
				INFOPLIST_FILE = "TWControls DemoTests/Info.plist";
				LD_RUNPATH_SEARCH_PATHS = "$(inherited) @executable_path/Frameworks @loader_path/Frameworks";
				PRODUCT_NAME = "$(TARGET_NAME)";
				TEST_HOST = "$(BUILT_PRODUCTS_DIR)/TWControls Demo.app/TWControls Demo";
			};
			name = Release;
		};
/* End XCBuildConfiguration section */

/* Begin XCConfigurationList section */
		E9C2C4EA1AA25FF200C3A979 /* Build configuration list for PBXProject "TWControls Demo" */ = {
			isa = XCConfigurationList;
			buildConfigurations = (
				E9C2C5101AA25FF200C3A979 /* Debug */,
				E9C2C5111AA25FF200C3A979 /* Release */,
			);
			defaultConfigurationIsVisible = 0;
			defaultConfigurationName = Release;
		};
		E9C2C5121AA25FF200C3A979 /* Build configuration list for PBXNativeTarget "TWControls Demo" */ = {
			isa = XCConfigurationList;
			buildConfigurations = (
				E9C2C5131AA25FF200C3A979 /* Debug */,
				E9C2C5141AA25FF200C3A979 /* Release */,
			);
			defaultConfigurationIsVisible = 0;
			defaultConfigurationName = Release;
		};
		E9C2C5151AA25FF200C3A979 /* Build configuration list for PBXNativeTarget "TWControls DemoTests" */ = {
			isa = XCConfigurationList;
			buildConfigurations = (
				E9C2C5161AA25FF200C3A979 /* Debug */,
				E9C2C5171AA25FF200C3A979 /* Release */,
			);
			defaultConfigurationIsVisible = 0;
			defaultConfigurationName = Release;
		};
/* End XCConfigurationList section */
	};
	rootObject = E9C2C4E71AA25FF200C3A979 /* Project object */;
}
